
Microsoft Visual Studio Solution File, Format Version 12.00
# Visual Studio Version 16
VisualStudioVersion = 16.0.29911.84
MinimumVisualStudioVersion = 10.0.40219.1
Project("{FAE04EC0-301F-11D3-BF4B-00C04F79EFBC}") = "OopTemplate", "OopTemplate\OopTemplate.csproj", "{8089FE7F-77DC-4A79-B8CD-DF2BDDF49B1C}"
EndProject
Global
	GlobalSection(SolutionConfigurationPlatforms) = preSolution
		Debug|Any CPU = Debug|Any CPU
		Release|Any CPU = Release|Any CPU
	EndGlobalSection
	GlobalSection(ProjectConfigurationPlatforms) = postSolution
		{8089FE7F-77DC-4A79-B8CD-DF2BDDF49B1C}.Debug|Any CPU.ActiveCfg = Debug|Any CPU
		{8089FE7F-77DC-4A79-B8CD-DF2BDDF49B1C}.Debug|Any CPU.Build.0 = Debug|Any CPU
		{8089FE7F-77DC-4A79-B8CD-DF2BDDF49B1C}.Release|Any CPU.ActiveCfg = Release|Any CPU
		{8089FE7F-77DC-4A79-B8CD-DF2BDDF49B1C}.Release|Any CPU.Build.0 = Release|Any CPU
	EndGlobalSection
	GlobalSection(SolutionProperties) = preSolution
		HideSolutionNode = FALSE
	EndGlobalSection
	GlobalSection(ExtensibilityGlobals) = postSolution
		SolutionGuid = {32F44B99-0AD2-42AC-A5D0-97CFA110FC9E}
	EndGlobalSection
EndGlobal
